[[package]]
name = "ffmpeg"
version = "1.4"
description = "ffmpeg python package url [https://github.com/jiashaokun/ffmpeg]"
category = "main"
optional = false
python-versions = "*"

[metadata]
lock-version = "1.1"
python-versions = "^3.10"
content-hash = "13a265defa6be354896ecea11e22acae1663c7c6aa024da1d1d5a84530d1d4ba"

[metadata.files]
ffmpeg = [
    {file = "ffmpeg-1.4.tar.gz", hash = "sha256:6931692c890ff21d39938433c2189747815dca0c60ddc7f9bb97f199dba0b5b9"},
]
